
Microsoft Visual Studio Solution File, Format Version 12.00
# Visual Studio Version 17
VisualStudioVersion = 17.3.32811.315
MinimumVisualStudioVersion = 10.0.40219.1
Project("{9A19103F-16F7-4668-BE54-9A1E7A4F7556}") = "DAL", "DAL\DAL.csproj", "{67618633-2F9B-469C-A67C-82463D48A8E4}"
EndProject
Project("{9A19103F-16F7-4668-BE54-9A1E7A4F7556}") = "Domain", "Domain\Domain.csproj", "{49C09FE6-83F4-4A3E-8D37-8305B1A55F98}"
EndProject
Project("{9A19103F-16F7-4668-BE54-9A1E7A4F7556}") = "Servise", "Servise\Servise.csproj", "{C3CB5D0E-268F-42FA-86EA-5CED4E89C4A3}"
EndProject
Project("{9A19103F-16F7-4668-BE54-9A1E7A4F7556}") = "WEB", "WEB\WEB.csproj", "{0C2A5709-8CDD-47F5-9BF6-2A322FF0C65C}"
EndProject
Project("{9A19103F-16F7-4668-BE54-9A1E7A4F7556}") = "Tests", "Tests\Tests.csproj", "{F78DC350-C14C-4334-BFA3-EB899BD9CB14}"
EndProject
Global
	GlobalSection(SolutionConfigurationPlatforms) = preSolution
		Debug|Any CPU = Debug|Any CPU
		Release|Any CPU = Release|Any CPU
	EndGlobalSection
	GlobalSection(ProjectConfigurationPlatforms) = postSolution
		{67618633-2F9B-469C-A67C-82463D48A8E4}.Debug|Any CPU.ActiveCfg = Debug|Any CPU
		{67618633-2F9B-469C-A67C-82463D48A8E4}.Debug|Any CPU.Build.0 = Debug|Any CPU
		{67618633-2F9B-469C-A67C-82463D48A8E4}.Release|Any CPU.ActiveCfg = Release|Any CPU
		{67618633-2F9B-469C-A67C-82463D48A8E4}.Release|Any CPU.Build.0 = Release|Any CPU
		{49C09FE6-83F4-4A3E-8D37-8305B1A55F98}.Debug|Any CPU.ActiveCfg = Debug|Any CPU
		{49C09FE6-83F4-4A3E-8D37-8305B1A55F98}.Debug|Any CPU.Build.0 = Debug|Any CPU
		{49C09FE6-83F4-4A3E-8D37-8305B1A55F98}.Release|Any CPU.ActiveCfg = Release|Any CPU
		{49C09FE6-83F4-4A3E-8D37-8305B1A55F98}.Release|Any CPU.Build.0 = Release|Any CPU
		{C3CB5D0E-268F-42FA-86EA-5CED4E89C4A3}.Debug|Any CPU.ActiveCfg = Debug|Any CPU
		{C3CB5D0E-268F-42FA-86EA-5CED4E89C4A3}.Debug|Any CPU.Build.0 = Debug|Any CPU
		{C3CB5D0E-268F-42FA-86EA-5CED4E89C4A3}.Release|Any CPU.ActiveCfg = Release|Any CPU
		{C3CB5D0E-268F-42FA-86EA-5CED4E89C4A3}.Release|Any CPU.Build.0 = Release|Any CPU
		{0C2A5709-8CDD-47F5-9BF6-2A322FF0C65C}.Debug|Any CPU.ActiveCfg = Debug|Any CPU
		{0C2A5709-8CDD-47F5-9BF6-2A322FF0C65C}.Debug|Any CPU.Build.0 = Debug|Any CPU
		{0C2A5709-8CDD-47F5-9BF6-2A322FF0C65C}.Release|Any CPU.ActiveCfg = Release|Any CPU
		{0C2A5709-8CDD-47F5-9BF6-2A322FF0C65C}.Release|Any CPU.Build.0 = Release|Any CPU
		{F78DC350-C14C-4334-BFA3-EB899BD9CB14}.Debug|Any CPU.ActiveCfg = Debug|Any CPU
		{F78DC350-C14C-4334-BFA3-EB899BD9CB14}.Debug|Any CPU.Build.0 = Debug|Any CPU
		{F78DC350-C14C-4334-BFA3-EB899BD9CB14}.Release|Any CPU.ActiveCfg = Release|Any CPU
		{F78DC350-C14C-4334-BFA3-EB899BD9CB14}.Release|Any CPU.Build.0 = Release|Any CPU
	EndGlobalSection
	GlobalSection(SolutionProperties) = preSolution
		HideSolutionNode = FALSE
	EndGlobalSection
	GlobalSection(ExtensibilityGlobals) = postSolution
		SolutionGuid = {EE120EF4-103B-4EBA-84B0-77FFB60A6539}
	EndGlobalSection
EndGlobal
